
Microsoft Visual Studio Solution File, Format Version 12.00
# Visual Studio Version 16
VisualStudioVersion = 16.0.29102.190
MinimumVisualStudioVersion = 10.0.40219.1
Project("{FAE04EC0-301F-11D3-BF4B-00C04F79EFBC}") = "WebCarAPI", "WebCarAPI\WebCarAPI.csproj", "{F6E3943E-70B4-4B7C-91EB-FA9B4EEA3F3C}"
EndProject
Project("{FAE04EC0-301F-11D3-BF4B-00C04F79EFBC}") = "WebCarAPI.Repository", "WebCarAPI.Repository\WebCarAPI.Repository.csproj", "{13F59F5F-D5B6-4982-A8E4-6066E7E5481D}"
EndProject
Project("{FAE04EC0-301F-11D3-BF4B-00C04F79EFBC}") = "WebCarAPI.Domain", "WebCarAPI.Domain\WebCarAPI.Domain.csproj", "{2BFF4C71-EE2C-4C10-BCF8-F7F130EBDC2F}"
EndProject
Project("{FAE04EC0-301F-11D3-BF4B-00C04F79EFBC}") = "WebCarAPI.Service", "WebCarAPI.Service\WebCarAPI.Service.csproj", "{72038AEA-2274-4540-B204-B0B040533E76}"
EndProject
Project("{FAE04EC0-301F-11D3-BF4B-00C04F79EFBC}") = "WebCarAPI.Business", "WebCarAPI.Business\WebCarAPI.Business.csproj", "{AC571CB5-F4E9-42FD-9DAF-04536892292F}"
EndProject
Global
	GlobalSection(SolutionConfigurationPlatforms) = preSolution
		Debug|Any CPU = Debug|Any CPU
		Release|Any CPU = Release|Any CPU
	EndGlobalSection
	GlobalSection(ProjectConfigurationPlatforms) = postSolution
		{F6E3943E-70B4-4B7C-91EB-FA9B4EEA3F3C}.Debug|Any CPU.ActiveCfg = Debug|Any CPU
		{F6E3943E-70B4-4B7C-91EB-FA9B4EEA3F3C}.Debug|Any CPU.Build.0 = Debug|Any CPU
		{F6E3943E-70B4-4B7C-91EB-FA9B4EEA3F3C}.Release|Any CPU.ActiveCfg = Release|Any CPU
		{F6E3943E-70B4-4B7C-91EB-FA9B4EEA3F3C}.Release|Any CPU.Build.0 = Release|Any CPU
		{13F59F5F-D5B6-4982-A8E4-6066E7E5481D}.Debug|Any CPU.ActiveCfg = Debug|Any CPU
		{13F59F5F-D5B6-4982-A8E4-6066E7E5481D}.Debug|Any CPU.Build.0 = Debug|Any CPU
		{13F59F5F-D5B6-4982-A8E4-6066E7E5481D}.Release|Any CPU.ActiveCfg = Release|Any CPU
		{13F59F5F-D5B6-4982-A8E4-6066E7E5481D}.Release|Any CPU.Build.0 = Release|Any CPU
		{2BFF4C71-EE2C-4C10-BCF8-F7F130EBDC2F}.Debug|Any CPU.ActiveCfg = Debug|Any CPU
		{2BFF4C71-EE2C-4C10-BCF8-F7F130EBDC2F}.Debug|Any CPU.Build.0 = Debug|Any CPU
		{2BFF4C71-EE2C-4C10-BCF8-F7F130EBDC2F}.Release|Any CPU.ActiveCfg = Release|Any CPU
		{2BFF4C71-EE2C-4C10-BCF8-F7F130EBDC2F}.Release|Any CPU.Build.0 = Release|Any CPU
		{72038AEA-2274-4540-B204-B0B040533E76}.Debug|Any CPU.ActiveCfg = Debug|Any CPU
		{72038AEA-2274-4540-B204-B0B040533E76}.Debug|Any CPU.Build.0 = Debug|Any CPU
		{72038AEA-2274-4540-B204-B0B040533E76}.Release|Any CPU.ActiveCfg = Release|Any CPU
		{72038AEA-2274-4540-B204-B0B040533E76}.Release|Any CPU.Build.0 = Release|Any CPU
		{AC571CB5-F4E9-42FD-9DAF-04536892292F}.Debug|Any CPU.ActiveCfg = Debug|Any CPU
		{AC571CB5-F4E9-42FD-9DAF-04536892292F}.Debug|Any CPU.Build.0 = Debug|Any CPU
		{AC571CB5-F4E9-42FD-9DAF-04536892292F}.Release|Any CPU.ActiveCfg = Release|Any CPU
		{AC571CB5-F4E9-42FD-9DAF-04536892292F}.Release|Any CPU.Build.0 = Release|Any CPU
	EndGlobalSection
	GlobalSection(SolutionProperties) = preSolution
		HideSolutionNode = FALSE
	EndGlobalSection
	GlobalSection(ExtensibilityGlobals) = postSolution
		SolutionGuid = {86593C4D-A588-48C1-8857-E0BDB8F683FF}
	EndGlobalSection
EndGlobal
